
Microsoft Visual Studio Solution File, Format Version 12.00
# Visual Studio 15
VisualStudioVersion = 15.0.27130.2024
MinimumVisualStudioVersion = 10.0.40219.1
Project("{FAE04EC0-301F-11D3-BF4B-00C04F79EFBC}") = "taskRubicondoo", "taskRubicondoo\taskRubicondoo.csproj", "{9AF930E8-D0A9-47DB-9941-AEBE384517F0}"
EndProject
Global
	GlobalSection(SolutionConfigurationPlatforms) = preSolution
		Debug|Any CPU = Debug|Any CPU
		Release|Any CPU = Release|Any CPU
	EndGlobalSection
	GlobalSection(ProjectConfigurationPlatforms) = postSolution
		{9AF930E8-D0A9-47DB-9941-AEBE384517F0}.Debug|Any CPU.ActiveCfg = Debug|Any CPU
		{9AF930E8-D0A9-47DB-9941-AEBE384517F0}.Debug|Any CPU.Build.0 = Debug|Any CPU
		{9AF930E8-D0A9-47DB-9941-AEBE384517F0}.Release|Any CPU.ActiveCfg = Release|Any CPU
		{9AF930E8-D0A9-47DB-9941-AEBE384517F0}.Release|Any CPU.Build.0 = Release|Any CPU
	EndGlobalSection
	GlobalSection(SolutionProperties) = preSolution
		HideSolutionNode = FALSE
	EndGlobalSection
	GlobalSection(ExtensibilityGlobals) = postSolution
		SolutionGuid = {4C2AE10B-0A03-4173-AD7C-9DEAC90D885C}
	EndGlobalSection
	GlobalSection(ExtensibilityGlobals) = postSolution
		SolutionGuid = {4C2AE10B-0A03-4173-AD7C-9DEAC90D885C}
	EndGlobalSection
EndGlobal
